
Microsoft Visual Studio Solution File, Format Version 12.00
# Visual Studio 15
VisualStudioVersion = 15.0.27428.2005
MinimumVisualStudioVersion = 10.0.40219.1
Project("{8BC9CEB8-8B4A-11D0-8D11-00A0C91BC942}") = "Fill-SquareBoard-with-LShapedTiles", "Fill-SquareBoard-with-LShapedTiles\Fill-SquareBoard-with-LShapedTiles.vcxproj", "{364A2365-3781-4364-8420-BFBE328D6C65}"
EndProject
Project("{8BC9CEB8-8B4A-11D0-8D11-00A0C91BC942}") = "MergeSort-Recursive", "MergeSort-Recursive\MergeSort-Recursive.vcxproj", "{CA24E0C0-CAAC-4A41-B623-0C152542FA7D}"
EndProject
Project("{8BC9CEB8-8B4A-11D0-8D11-00A0C91BC942}") = "MergeSort-NonRecursive", "MergeSort-NonRecursive\MergeSort-NonRecursive.vcxproj", "{2E94EBA9-D299-4D93-9D93-A1ACBD01334E}"
EndProject
Project("{8BC9CEB8-8B4A-11D0-8D11-00A0C91BC942}") = "QuickSort-2", "QuickSort-2\QuickSort-2.vcxproj", "{08C1E8A1-2B82-41B8-BE30-6FC39640A58F}"
EndProject
Project("{8BC9CEB8-8B4A-11D0-8D11-00A0C91BC942}") = "Longest-Increasing-Substring-DP-Not-Really", "Longest-Increasing-Substring-DP-Not-Really\Longest-Increasing-Substring-DP-Not-Really.vcxproj", "{9681CFEB-4190-4754-A186-1E6186111A12}"
EndProject
Global
	GlobalSection(SolutionConfigurationPlatforms) = preSolution
		Debug|x64 = Debug|x64
		Debug|x86 = Debug|x86
		Release|x64 = Release|x64
		Release|x86 = Release|x86
	EndGlobalSection
	GlobalSection(ProjectConfigurationPlatforms) = postSolution
		{364A2365-3781-4364-8420-BFBE328D6C65}.Debug|x64.ActiveCfg = Debug|x64
		{364A2365-3781-4364-8420-BFBE328D6C65}.Debug|x64.Build.0 = Debug|x64
		{364A2365-3781-4364-8420-BFBE328D6C65}.Debug|x86.ActiveCfg = Debug|Win32
		{364A2365-3781-4364-8420-BFBE328D6C65}.Debug|x86.Build.0 = Debug|Win32
		{364A2365-3781-4364-8420-BFBE328D6C65}.Release|x64.ActiveCfg = Release|x64
		{364A2365-3781-4364-8420-BFBE328D6C65}.Release|x64.Build.0 = Release|x64
		{364A2365-3781-4364-8420-BFBE328D6C65}.Release|x86.ActiveCfg = Release|Win32
		{364A2365-3781-4364-8420-BFBE328D6C65}.Release|x86.Build.0 = Release|Win32
		{CA24E0C0-CAAC-4A41-B623-0C152542FA7D}.Debug|x64.ActiveCfg = Debug|x64
		{CA24E0C0-CAAC-4A41-B623-0C152542FA7D}.Debug|x64.Build.0 = Debug|x64
		{CA24E0C0-CAAC-4A41-B623-0C152542FA7D}.Debug|x86.ActiveCfg = Debug|Win32
		{CA24E0C0-CAAC-4A41-B623-0C152542FA7D}.Debug|x86.Build.0 = Debug|Win32
		{CA24E0C0-CAAC-4A41-B623-0C152542FA7D}.Release|x64.ActiveCfg = Release|x64
		{CA24E0C0-CAAC-4A41-B623-0C152542FA7D}.Release|x64.Build.0 = Release|x64
		{CA24E0C0-CAAC-4A41-B623-0C152542FA7D}.Release|x86.ActiveCfg = Release|Win32
		{CA24E0C0-CAAC-4A41-B623-0C152542FA7D}.Release|x86.Build.0 = Release|Win32
		{2E94EBA9-D299-4D93-9D93-A1ACBD01334E}.Debug|x64.ActiveCfg = Debug|x64
		{2E94EBA9-D299-4D93-9D93-A1ACBD01334E}.Debug|x64.Build.0 = Debug|x64
		{2E94EBA9-D299-4D93-9D93-A1ACBD01334E}.Debug|x86.ActiveCfg = Debug|Win32
		{2E94EBA9-D299-4D93-9D93-A1ACBD01334E}.Debug|x86.Build.0 = Debug|Win32
		{2E94EBA9-D299-4D93-9D93-A1ACBD01334E}.Release|x64.ActiveCfg = Release|x64
		{2E94EBA9-D299-4D93-9D93-A1ACBD01334E}.Release|x64.Build.0 = Release|x64
		{2E94EBA9-D299-4D93-9D93-A1ACBD01334E}.Release|x86.ActiveCfg = Release|Win32
		{2E94EBA9-D299-4D93-9D93-A1ACBD01334E}.Release|x86.Build.0 = Release|Win32
		{08C1E8A1-2B82-41B8-BE30-6FC39640A58F}.Debug|x64.ActiveCfg = Debug|x64
		{08C1E8A1-2B82-41B8-BE30-6FC39640A58F}.Debug|x64.Build.0 = Debug|x64
		{08C1E8A1-2B82-41B8-BE30-6FC39640A58F}.Debug|x86.ActiveCfg = Debug|Win32
		{08C1E8A1-2B82-41B8-BE30-6FC39640A58F}.Debug|x86.Build.0 = Debug|Win32
		{08C1E8A1-2B82-41B8-BE30-6FC39640A58F}.Release|x64.ActiveCfg = Release|x64
		{08C1E8A1-2B82-41B8-BE30-6FC39640A58F}.Release|x64.Build.0 = Release|x64
		{08C1E8A1-2B82-41B8-BE30-6FC39640A58F}.Release|x86.ActiveCfg = Release|Win32
		{08C1E8A1-2B82-41B8-BE30-6FC39640A58F}.Release|x86.Build.0 = Release|Win32
		{9681CFEB-4190-4754-A186-1E6186111A12}.Debug|x64.ActiveCfg = Debug|x64
		{9681CFEB-4190-4754-A186-1E6186111A12}.Debug|x64.Build.0 = Debug|x64
		{9681CFEB-4190-4754-A186-1E6186111A12}.Debug|x86.ActiveCfg = Debug|Win32
		{9681CFEB-4190-4754-A186-1E6186111A12}.Debug|x86.Build.0 = Debug|Win32
		{9681CFEB-4190-4754-A186-1E6186111A12}.Release|x64.ActiveCfg = Release|x64
		{9681CFEB-4190-4754-A186-1E6186111A12}.Release|x64.Build.0 = Release|x64
		{9681CFEB-4190-4754-A186-1E6186111A12}.Release|x86.ActiveCfg = Release|Win32
		{9681CFEB-4190-4754-A186-1E6186111A12}.Release|x86.Build.0 = Release|Win32
	EndGlobalSection
	GlobalSection(SolutionProperties) = preSolution
		HideSolutionNode = FALSE
	EndGlobalSection
	GlobalSection(ExtensibilityGlobals) = postSolution
		SolutionGuid = {6BB11241-11AC-4E4C-9DB4-04FA40EEBAD4}
	EndGlobalSection
EndGlobal
